
Microsoft Visual Studio Solution File, Format Version 12.00
# Visual Studio Version 16
VisualStudioVersion = 16.0.31129.286
MinimumVisualStudioVersion = 10.0.40219.1
Project("{9A19103F-16F7-4668-BE54-9A1E7A4F7556}") = "GoogleSignInApi", "GoogleSignInApi\GoogleSignInApi.csproj", "{7864CF29-4F0C-4F1C-BFAD-2F05D7A7EBBD}"
EndProject
Global
	GlobalSection(SolutionConfigurationPlatforms) = preSolution
		Debug|Any CPU = Debug|Any CPU
		Release|Any CPU = Release|Any CPU
	EndGlobalSection
	GlobalSection(ProjectConfigurationPlatforms) = postSolution
		{7864CF29-4F0C-4F1C-BFAD-2F05D7A7EBBD}.Debug|Any CPU.ActiveCfg = Debug|Any CPU
		{7864CF29-4F0C-4F1C-BFAD-2F05D7A7EBBD}.Debug|Any CPU.Build.0 = Debug|Any CPU
		{7864CF29-4F0C-4F1C-BFAD-2F05D7A7EBBD}.Release|Any CPU.ActiveCfg = Release|Any CPU
		{7864CF29-4F0C-4F1C-BFAD-2F05D7A7EBBD}.Release|Any CPU.Build.0 = Release|Any CPU
	EndGlobalSection
	GlobalSection(SolutionProperties) = preSolution
		HideSolutionNode = FALSE
	EndGlobalSection
	GlobalSection(ExtensibilityGlobals) = postSolution
		SolutionGuid = {159B1172-6806-45BA-BD85-803088EAEC91}
	EndGlobalSection
EndGlobal
